
Microsoft Visual Studio Solution File, Format Version 12.00
# Visual Studio Version 16
VisualStudioVersion = 25.0.1703.5
MinimumVisualStudioVersion = 10.0.40219.1
Project("{FAE04EC0-301F-11D3-BF4B-00C04F79EFBC}") = "Task_3", "Task_3\Task_3.csproj", "{D4E71CD9-BD06-4DC9-9A4A-427DE9A10561}"
EndProject
Global
	GlobalSection(SolutionConfigurationPlatforms) = preSolution
		Debug|Any CPU = Debug|Any CPU
		Release|Any CPU = Release|Any CPU
	EndGlobalSection
	GlobalSection(ProjectConfigurationPlatforms) = postSolution
		{D4E71CD9-BD06-4DC9-9A4A-427DE9A10561}.Debug|Any CPU.ActiveCfg = Debug|Any CPU
		{D4E71CD9-BD06-4DC9-9A4A-427DE9A10561}.Debug|Any CPU.Build.0 = Debug|Any CPU
		{D4E71CD9-BD06-4DC9-9A4A-427DE9A10561}.Release|Any CPU.ActiveCfg = Release|Any CPU
		{D4E71CD9-BD06-4DC9-9A4A-427DE9A10561}.Release|Any CPU.Build.0 = Release|Any CPU
	EndGlobalSection
	GlobalSection(SolutionProperties) = preSolution
		HideSolutionNode = FALSE
	EndGlobalSection
	GlobalSection(ExtensibilityGlobals) = postSolution
		SolutionGuid = {74B9D4D6-6569-4AFB-A2CA-62FBE970D534}
	EndGlobalSection
EndGlobal
